
Microsoft Visual Studio Solution File, Format Version 12.00
# Visual Studio Version 17
VisualStudioVersion = 17.3.32922.545
MinimumVisualStudioVersion = 10.0.40219.1
Project("{9A19103F-16F7-4668-BE54-9A1E7A4F7556}") = "CoffeCups", "CoffeCups\CoffeCups.csproj", "{C7AAC734-F719-46F7-9102-2BAD80BB75EB}"
EndProject
Project("{9A19103F-16F7-4668-BE54-9A1E7A4F7556}") = "ArraySort", "ArraySort\ArraySort.csproj", "{E3C56115-FA00-4FEA-B9D3-F5375655B8C6}"
EndProject
Project("{9A19103F-16F7-4668-BE54-9A1E7A4F7556}") = "SpiralMatrix", "SpiralMatrix\SpiralMatrix.csproj", "{DFBFE65E-5A98-45DB-848D-544516A25DF0}"
EndProject
Project("{9A19103F-16F7-4668-BE54-9A1E7A4F7556}") = "Wine", "Wine\Wine.csproj", "{E949D942-8883-416F-8731-E4DAC6987312}"
EndProject
Project("{2150E333-8FDC-42A3-9474-1A3956D46DE8}") = "2023", "2023", "{FFC4D72E-08B1-4FA2-AE33-8A5C9DF411C8}"
EndProject
Project("{9A19103F-16F7-4668-BE54-9A1E7A4F7556}") = "RowPascalTriangle", "RowPascalTriangle\RowPascalTriangle.csproj", "{2B29BB3F-E23D-4B56-BA57-22FD45C8C2B8}"
EndProject
Project("{9A19103F-16F7-4668-BE54-9A1E7A4F7556}") = "Rocket", "Rocket\Rocket.csproj", "{69253807-0117-49F2-8486-99BBCF1A0969}"
EndProject
Project("{9A19103F-16F7-4668-BE54-9A1E7A4F7556}") = "BracesStreak", "BracesStreak\BracesStreak.csproj", "{205DA659-ADB0-4E7A-843A-D70E949F2A86}"
EndProject
Project("{9A19103F-16F7-4668-BE54-9A1E7A4F7556}") = "RotateMatrix", "RotateMatrix\RotateMatrix.csproj", "{6D8B422B-8CC4-4C49-9CFA-A0130A46205A}"
EndProject
Project("{9A19103F-16F7-4668-BE54-9A1E7A4F7556}") = "StringNumber", "StringNumber\StringNumber.csproj", "{4E77189F-2E8B-405D-B3EF-88CFB8164AF4}"
EndProject
Project("{9A19103F-16F7-4668-BE54-9A1E7A4F7556}") = "Pancakes", "Pancakes\Pancakes.csproj", "{63320253-3818-4963-9D25-C92FFD1FAE9C}"
EndProject
Project("{9A19103F-16F7-4668-BE54-9A1E7A4F7556}") = "Atoms", "Atoms\Atoms.csproj", "{3E8D7CBD-E336-40A2-AC8A-6FE9ED6B4D80}"
EndProject
Project("{FAE04EC0-301F-11D3-BF4B-00C04F79EFBC}") = "Order2", "Order2\Order2.csproj", "{B2D3AEB2-2265-42B4-A561-A1BD2DCB7D30}"
EndProject
Global
	GlobalSection(SolutionConfigurationPlatforms) = preSolution
		Debug|Any CPU = Debug|Any CPU
		Debug|x64 = Debug|x64
		Debug|x86 = Debug|x86
		Release|Any CPU = Release|Any CPU
		Release|x64 = Release|x64
		Release|x86 = Release|x86
	EndGlobalSection
	GlobalSection(ProjectConfigurationPlatforms) = postSolution
		{C7AAC734-F719-46F7-9102-2BAD80BB75EB}.Debug|Any CPU.ActiveCfg = Debug|Any CPU
		{C7AAC734-F719-46F7-9102-2BAD80BB75EB}.Debug|Any CPU.Build.0 = Debug|Any CPU
		{C7AAC734-F719-46F7-9102-2BAD80BB75EB}.Debug|x64.ActiveCfg = Debug|Any CPU
		{C7AAC734-F719-46F7-9102-2BAD80BB75EB}.Debug|x64.Build.0 = Debug|Any CPU
		{C7AAC734-F719-46F7-9102-2BAD80BB75EB}.Debug|x86.ActiveCfg = Debug|Any CPU
		{C7AAC734-F719-46F7-9102-2BAD80BB75EB}.Debug|x86.Build.0 = Debug|Any CPU
		{C7AAC734-F719-46F7-9102-2BAD80BB75EB}.Release|Any CPU.ActiveCfg = Release|Any CPU
		{C7AAC734-F719-46F7-9102-2BAD80BB75EB}.Release|Any CPU.Build.0 = Release|Any CPU
		{C7AAC734-F719-46F7-9102-2BAD80BB75EB}.Release|x64.ActiveCfg = Release|Any CPU
		{C7AAC734-F719-46F7-9102-2BAD80BB75EB}.Release|x64.Build.0 = Release|Any CPU
		{C7AAC734-F719-46F7-9102-2BAD80BB75EB}.Release|x86.ActiveCfg = Release|Any CPU
		{C7AAC734-F719-46F7-9102-2BAD80BB75EB}.Release|x86.Build.0 = Release|Any CPU
		{E3C56115-FA00-4FEA-B9D3-F5375655B8C6}.Debug|Any CPU.ActiveCfg = Debug|Any CPU
		{E3C56115-FA00-4FEA-B9D3-F5375655B8C6}.Debug|Any CPU.Build.0 = Debug|Any CPU
		{E3C56115-FA00-4FEA-B9D3-F5375655B8C6}.Debug|x64.ActiveCfg = Debug|Any CPU
		{E3C56115-FA00-4FEA-B9D3-F5375655B8C6}.Debug|x64.Build.0 = Debug|Any CPU
		{E3C56115-FA00-4FEA-B9D3-F5375655B8C6}.Debug|x86.ActiveCfg = Debug|Any CPU
		{E3C56115-FA00-4FEA-B9D3-F5375655B8C6}.Debug|x86.Build.0 = Debug|Any CPU
		{E3C56115-FA00-4FEA-B9D3-F5375655B8C6}.Release|Any CPU.ActiveCfg = Release|Any CPU
		{E3C56115-FA00-4FEA-B9D3-F5375655B8C6}.Release|Any CPU.Build.0 = Release|Any CPU
		{E3C56115-FA00-4FEA-B9D3-F5375655B8C6}.Release|x64.ActiveCfg = Release|Any CPU
		{E3C56115-FA00-4FEA-B9D3-F5375655B8C6}.Release|x64.Build.0 = Release|Any CPU
		{E3C56115-FA00-4FEA-B9D3-F5375655B8C6}.Release|x86.ActiveCfg = Release|Any CPU
		{E3C56115-FA00-4FEA-B9D3-F5375655B8C6}.Release|x86.Build.0 = Release|Any CPU
		{DFBFE65E-5A98-45DB-848D-544516A25DF0}.Debug|Any CPU.ActiveCfg = Debug|Any CPU
		{DFBFE65E-5A98-45DB-848D-544516A25DF0}.Debug|Any CPU.Build.0 = Debug|Any CPU
		{DFBFE65E-5A98-45DB-848D-544516A25DF0}.Debug|x64.ActiveCfg = Debug|Any CPU
		{DFBFE65E-5A98-45DB-848D-544516A25DF0}.Debug|x64.Build.0 = Debug|Any CPU
		{DFBFE65E-5A98-45DB-848D-544516A25DF0}.Debug|x86.ActiveCfg = Debug|Any CPU
		{DFBFE65E-5A98-45DB-848D-544516A25DF0}.Debug|x86.Build.0 = Debug|Any CPU
		{DFBFE65E-5A98-45DB-848D-544516A25DF0}.Release|Any CPU.ActiveCfg = Release|Any CPU
		{DFBFE65E-5A98-45DB-848D-544516A25DF0}.Release|Any CPU.Build.0 = Release|Any CPU
		{DFBFE65E-5A98-45DB-848D-544516A25DF0}.Release|x64.ActiveCfg = Release|Any CPU
		{DFBFE65E-5A98-45DB-848D-544516A25DF0}.Release|x64.Build.0 = Release|Any CPU
		{DFBFE65E-5A98-45DB-848D-544516A25DF0}.Release|x86.ActiveCfg = Release|Any CPU
		{DFBFE65E-5A98-45DB-848D-544516A25DF0}.Release|x86.Build.0 = Release|Any CPU
		{E949D942-8883-416F-8731-E4DAC6987312}.Debug|Any CPU.ActiveCfg = Debug|Any CPU
		{E949D942-8883-416F-8731-E4DAC6987312}.Debug|Any CPU.Build.0 = Debug|Any CPU
		{E949D942-8883-416F-8731-E4DAC6987312}.Debug|x64.ActiveCfg = Debug|Any CPU
		{E949D942-8883-416F-8731-E4DAC6987312}.Debug|x64.Build.0 = Debug|Any CPU
		{E949D942-8883-416F-8731-E4DAC6987312}.Debug|x86.ActiveCfg = Debug|Any CPU
		{E949D942-8883-416F-8731-E4DAC6987312}.Debug|x86.Build.0 = Debug|Any CPU
		{E949D942-8883-416F-8731-E4DAC6987312}.Release|Any CPU.ActiveCfg = Release|Any CPU
		{E949D942-8883-416F-8731-E4DAC6987312}.Release|Any CPU.Build.0 = Release|Any CPU
		{E949D942-8883-416F-8731-E4DAC6987312}.Release|x64.ActiveCfg = Release|Any CPU
		{E949D942-8883-416F-8731-E4DAC6987312}.Release|x64.Build.0 = Release|Any CPU
		{E949D942-8883-416F-8731-E4DAC6987312}.Release|x86.ActiveCfg = Release|Any CPU
		{E949D942-8883-416F-8731-E4DAC6987312}.Release|x86.Build.0 = Release|Any CPU
		{2B29BB3F-E23D-4B56-BA57-22FD45C8C2B8}.Debug|Any CPU.ActiveCfg = Debug|Any CPU
		{2B29BB3F-E23D-4B56-BA57-22FD45C8C2B8}.Debug|Any CPU.Build.0 = Debug|Any CPU
		{2B29BB3F-E23D-4B56-BA57-22FD45C8C2B8}.Debug|x64.ActiveCfg = Debug|Any CPU
		{2B29BB3F-E23D-4B56-BA57-22FD45C8C2B8}.Debug|x64.Build.0 = Debug|Any CPU
		{2B29BB3F-E23D-4B56-BA57-22FD45C8C2B8}.Debug|x86.ActiveCfg = Debug|Any CPU
		{2B29BB3F-E23D-4B56-BA57-22FD45C8C2B8}.Debug|x86.Build.0 = Debug|Any CPU
		{2B29BB3F-E23D-4B56-BA57-22FD45C8C2B8}.Release|Any CPU.ActiveCfg = Release|Any CPU
		{2B29BB3F-E23D-4B56-BA57-22FD45C8C2B8}.Release|Any CPU.Build.0 = Release|Any CPU
		{2B29BB3F-E23D-4B56-BA57-22FD45C8C2B8}.Release|x64.ActiveCfg = Release|Any CPU
		{2B29BB3F-E23D-4B56-BA57-22FD45C8C2B8}.Release|x64.Build.0 = Release|Any CPU
		{2B29BB3F-E23D-4B56-BA57-22FD45C8C2B8}.Release|x86.ActiveCfg = Release|Any CPU
		{2B29BB3F-E23D-4B56-BA57-22FD45C8C2B8}.Release|x86.Build.0 = Release|Any CPU
		{69253807-0117-49F2-8486-99BBCF1A0969}.Debug|Any CPU.ActiveCfg = Debug|Any CPU
		{69253807-0117-49F2-8486-99BBCF1A0969}.Debug|Any CPU.Build.0 = Debug|Any CPU
		{69253807-0117-49F2-8486-99BBCF1A0969}.Debug|x64.ActiveCfg = Debug|Any CPU
		{69253807-0117-49F2-8486-99BBCF1A0969}.Debug|x64.Build.0 = Debug|Any CPU
		{69253807-0117-49F2-8486-99BBCF1A0969}.Debug|x86.ActiveCfg = Debug|Any CPU
		{69253807-0117-49F2-8486-99BBCF1A0969}.Debug|x86.Build.0 = Debug|Any CPU
		{69253807-0117-49F2-8486-99BBCF1A0969}.Release|Any CPU.ActiveCfg = Release|Any CPU
		{69253807-0117-49F2-8486-99BBCF1A0969}.Release|Any CPU.Build.0 = Release|Any CPU
		{69253807-0117-49F2-8486-99BBCF1A0969}.Release|x64.ActiveCfg = Release|Any CPU
		{69253807-0117-49F2-8486-99BBCF1A0969}.Release|x64.Build.0 = Release|Any CPU
		{69253807-0117-49F2-8486-99BBCF1A0969}.Release|x86.ActiveCfg = Release|Any CPU
		{69253807-0117-49F2-8486-99BBCF1A0969}.Release|x86.Build.0 = Release|Any CPU
		{205DA659-ADB0-4E7A-843A-D70E949F2A86}.Debug|Any CPU.ActiveCfg = Debug|Any CPU
		{205DA659-ADB0-4E7A-843A-D70E949F2A86}.Debug|Any CPU.Build.0 = Debug|Any CPU
		{205DA659-ADB0-4E7A-843A-D70E949F2A86}.Debug|x64.ActiveCfg = Debug|Any CPU
		{205DA659-ADB0-4E7A-843A-D70E949F2A86}.Debug|x64.Build.0 = Debug|Any CPU
		{205DA659-ADB0-4E7A-843A-D70E949F2A86}.Debug|x86.ActiveCfg = Debug|Any CPU
		{205DA659-ADB0-4E7A-843A-D70E949F2A86}.Debug|x86.Build.0 = Debug|Any CPU
		{205DA659-ADB0-4E7A-843A-D70E949F2A86}.Release|Any CPU.ActiveCfg = Release|Any CPU
		{205DA659-ADB0-4E7A-843A-D70E949F2A86}.Release|Any CPU.Build.0 = Release|Any CPU
		{205DA659-ADB0-4E7A-843A-D70E949F2A86}.Release|x64.ActiveCfg = Release|Any CPU
		{205DA659-ADB0-4E7A-843A-D70E949F2A86}.Release|x64.Build.0 = Release|Any CPU
		{205DA659-ADB0-4E7A-843A-D70E949F2A86}.Release|x86.ActiveCfg = Release|Any CPU
		{205DA659-ADB0-4E7A-843A-D70E949F2A86}.Release|x86.Build.0 = Release|Any CPU
		{6D8B422B-8CC4-4C49-9CFA-A0130A46205A}.Debug|Any CPU.ActiveCfg = Debug|Any CPU
		{6D8B422B-8CC4-4C49-9CFA-A0130A46205A}.Debug|Any CPU.Build.0 = Debug|Any CPU
		{6D8B422B-8CC4-4C49-9CFA-A0130A46205A}.Debug|x64.ActiveCfg = Debug|Any CPU
		{6D8B422B-8CC4-4C49-9CFA-A0130A46205A}.Debug|x64.Build.0 = Debug|Any CPU
		{6D8B422B-8CC4-4C49-9CFA-A0130A46205A}.Debug|x86.ActiveCfg = Debug|Any CPU
		{6D8B422B-8CC4-4C49-9CFA-A0130A46205A}.Debug|x86.Build.0 = Debug|Any CPU
		{6D8B422B-8CC4-4C49-9CFA-A0130A46205A}.Release|Any CPU.ActiveCfg = Release|Any CPU
		{6D8B422B-8CC4-4C49-9CFA-A0130A46205A}.Release|Any CPU.Build.0 = Release|Any CPU
		{6D8B422B-8CC4-4C49-9CFA-A0130A46205A}.Release|x64.ActiveCfg = Release|Any CPU
		{6D8B422B-8CC4-4C49-9CFA-A0130A46205A}.Release|x64.Build.0 = Release|Any CPU
		{6D8B422B-8CC4-4C49-9CFA-A0130A46205A}.Release|x86.ActiveCfg = Release|Any CPU
		{6D8B422B-8CC4-4C49-9CFA-A0130A46205A}.Release|x86.Build.0 = Release|Any CPU
		{4E77189F-2E8B-405D-B3EF-88CFB8164AF4}.Debug|Any CPU.ActiveCfg = Debug|Any CPU
		{4E77189F-2E8B-405D-B3EF-88CFB8164AF4}.Debug|Any CPU.Build.0 = Debug|Any CPU
		{4E77189F-2E8B-405D-B3EF-88CFB8164AF4}.Debug|x64.ActiveCfg = Debug|Any CPU
		{4E77189F-2E8B-405D-B3EF-88CFB8164AF4}.Debug|x64.Build.0 = Debug|Any CPU
		{4E77189F-2E8B-405D-B3EF-88CFB8164AF4}.Debug|x86.ActiveCfg = Debug|Any CPU
		{4E77189F-2E8B-405D-B3EF-88CFB8164AF4}.Debug|x86.Build.0 = Debug|Any CPU
		{4E77189F-2E8B-405D-B3EF-88CFB8164AF4}.Release|Any CPU.ActiveCfg = Release|Any CPU
		{4E77189F-2E8B-405D-B3EF-88CFB8164AF4}.Release|Any CPU.Build.0 = Release|Any CPU
		{4E77189F-2E8B-405D-B3EF-88CFB8164AF4}.Release|x64.ActiveCfg = Release|Any CPU
		{4E77189F-2E8B-405D-B3EF-88CFB8164AF4}.Release|x64.Build.0 = Release|Any CPU
		{4E77189F-2E8B-405D-B3EF-88CFB8164AF4}.Release|x86.ActiveCfg = Release|Any CPU
		{4E77189F-2E8B-405D-B3EF-88CFB8164AF4}.Release|x86.Build.0 = Release|Any CPU
		{63320253-3818-4963-9D25-C92FFD1FAE9C}.Debug|Any CPU.ActiveCfg = Debug|Any CPU
		{63320253-3818-4963-9D25-C92FFD1FAE9C}.Debug|Any CPU.Build.0 = Debug|Any CPU
		{63320253-3818-4963-9D25-C92FFD1FAE9C}.Debug|x64.ActiveCfg = Debug|Any CPU
		{63320253-3818-4963-9D25-C92FFD1FAE9C}.Debug|x64.Build.0 = Debug|Any CPU
		{63320253-3818-4963-9D25-C92FFD1FAE9C}.Debug|x86.ActiveCfg = Debug|Any CPU
		{63320253-3818-4963-9D25-C92FFD1FAE9C}.Debug|x86.Build.0 = Debug|Any CPU
		{63320253-3818-4963-9D25-C92FFD1FAE9C}.Release|Any CPU.ActiveCfg = Release|Any CPU
		{63320253-3818-4963-9D25-C92FFD1FAE9C}.Release|Any CPU.Build.0 = Release|Any CPU
		{63320253-3818-4963-9D25-C92FFD1FAE9C}.Release|x64.ActiveCfg = Release|Any CPU
		{63320253-3818-4963-9D25-C92FFD1FAE9C}.Release|x64.Build.0 = Release|Any CPU
		{63320253-3818-4963-9D25-C92FFD1FAE9C}.Release|x86.ActiveCfg = Release|Any CPU
		{63320253-3818-4963-9D25-C92FFD1FAE9C}.Release|x86.Build.0 = Release|Any CPU
		{3E8D7CBD-E336-40A2-AC8A-6FE9ED6B4D80}.Debug|Any CPU.ActiveCfg = Debug|Any CPU
		{3E8D7CBD-E336-40A2-AC8A-6FE9ED6B4D80}.Debug|Any CPU.Build.0 = Debug|Any CPU
		{3E8D7CBD-E336-40A2-AC8A-6FE9ED6B4D80}.Debug|x64.ActiveCfg = Debug|Any CPU
		{3E8D7CBD-E336-40A2-AC8A-6FE9ED6B4D80}.Debug|x64.Build.0 = Debug|Any CPU
		{3E8D7CBD-E336-40A2-AC8A-6FE9ED6B4D80}.Debug|x86.ActiveCfg = Debug|Any CPU
		{3E8D7CBD-E336-40A2-AC8A-6FE9ED6B4D80}.Debug|x86.Build.0 = Debug|Any CPU
		{3E8D7CBD-E336-40A2-AC8A-6FE9ED6B4D80}.Release|Any CPU.ActiveCfg = Release|Any CPU
		{3E8D7CBD-E336-40A2-AC8A-6FE9ED6B4D80}.Release|Any CPU.Build.0 = Release|Any CPU
		{3E8D7CBD-E336-40A2-AC8A-6FE9ED6B4D80}.Release|x64.ActiveCfg = Release|Any CPU
		{3E8D7CBD-E336-40A2-AC8A-6FE9ED6B4D80}.Release|x64.Build.0 = Release|Any CPU
		{3E8D7CBD-E336-40A2-AC8A-6FE9ED6B4D80}.Release|x86.ActiveCfg = Release|Any CPU
		{3E8D7CBD-E336-40A2-AC8A-6FE9ED6B4D80}.Release|x86.Build.0 = Release|Any CPU
		{B2D3AEB2-2265-42B4-A561-A1BD2DCB7D30}.Debug|Any CPU.ActiveCfg = Debug|Any CPU
		{B2D3AEB2-2265-42B4-A561-A1BD2DCB7D30}.Debug|Any CPU.Build.0 = Debug|Any CPU
		{B2D3AEB2-2265-42B4-A561-A1BD2DCB7D30}.Debug|x64.ActiveCfg = Debug|Any CPU
		{B2D3AEB2-2265-42B4-A561-A1BD2DCB7D30}.Debug|x64.Build.0 = Debug|Any CPU
		{B2D3AEB2-2265-42B4-A561-A1BD2DCB7D30}.Debug|x86.ActiveCfg = Debug|Any CPU
		{B2D3AEB2-2265-42B4-A561-A1BD2DCB7D30}.Debug|x86.Build.0 = Debug|Any CPU
		{B2D3AEB2-2265-42B4-A561-A1BD2DCB7D30}.Release|Any CPU.ActiveCfg = Release|Any CPU
		{B2D3AEB2-2265-42B4-A561-A1BD2DCB7D30}.Release|Any CPU.Build.0 = Release|Any CPU
		{B2D3AEB2-2265-42B4-A561-A1BD2DCB7D30}.Release|x64.ActiveCfg = Release|Any CPU
		{B2D3AEB2-2265-42B4-A561-A1BD2DCB7D30}.Release|x64.Build.0 = Release|Any CPU
		{B2D3AEB2-2265-42B4-A561-A1BD2DCB7D30}.Release|x86.ActiveCfg = Release|Any CPU
		{B2D3AEB2-2265-42B4-A561-A1BD2DCB7D30}.Release|x86.Build.0 = Release|Any CPU
	EndGlobalSection
	GlobalSection(SolutionProperties) = preSolution
		HideSolutionNode = FALSE
	EndGlobalSection
	GlobalSection(NestedProjects) = preSolution
		{2B29BB3F-E23D-4B56-BA57-22FD45C8C2B8} = {FFC4D72E-08B1-4FA2-AE33-8A5C9DF411C8}
		{69253807-0117-49F2-8486-99BBCF1A0969} = {FFC4D72E-08B1-4FA2-AE33-8A5C9DF411C8}
		{205DA659-ADB0-4E7A-843A-D70E949F2A86} = {FFC4D72E-08B1-4FA2-AE33-8A5C9DF411C8}
		{6D8B422B-8CC4-4C49-9CFA-A0130A46205A} = {FFC4D72E-08B1-4FA2-AE33-8A5C9DF411C8}
		{4E77189F-2E8B-405D-B3EF-88CFB8164AF4} = {FFC4D72E-08B1-4FA2-AE33-8A5C9DF411C8}
		{63320253-3818-4963-9D25-C92FFD1FAE9C} = {FFC4D72E-08B1-4FA2-AE33-8A5C9DF411C8}
		{3E8D7CBD-E336-40A2-AC8A-6FE9ED6B4D80} = {FFC4D72E-08B1-4FA2-AE33-8A5C9DF411C8}
		{B2D3AEB2-2265-42B4-A561-A1BD2DCB7D30} = {FFC4D72E-08B1-4FA2-AE33-8A5C9DF411C8}
	EndGlobalSection
	GlobalSection(ExtensibilityGlobals) = postSolution
		SolutionGuid = {5CF781DD-4655-4E2E-BB61-604B46B3DC8C}
	EndGlobalSection
EndGlobal
