
Microsoft Visual Studio Solution File, Format Version 12.00
# Visual Studio Version 17
VisualStudioVersion = 17.3.32922.545
MinimumVisualStudioVersion = 10.0.40219.1
Project("{9A19103F-16F7-4668-BE54-9A1E7A4F7556}") = "CoffeCups", "CoffeCups\CoffeCups.csproj", "{C7AAC734-F719-46F7-9102-2BAD80BB75EB}"
EndProject
Project("{9A19103F-16F7-4668-BE54-9A1E7A4F7556}") = "ArraySort", "ArraySort\ArraySort.csproj", "{E3C56115-FA00-4FEA-B9D3-F5375655B8C6}"
EndProject
Project("{9A19103F-16F7-4668-BE54-9A1E7A4F7556}") = "SpiralMatrix", "SpiralMatrix\SpiralMatrix.csproj", "{DFBFE65E-5A98-45DB-848D-544516A25DF0}"
EndProject
Project("{9A19103F-16F7-4668-BE54-9A1E7A4F7556}") = "Wine", "Wine\Wine.csproj", "{E949D942-8883-416F-8731-E4DAC6987312}"
EndProject
Global
	GlobalSection(SolutionConfigurationPlatforms) = preSolution
		Debug|Any CPU = Debug|Any CPU
		Release|Any CPU = Release|Any CPU
	EndGlobalSection
	GlobalSection(ProjectConfigurationPlatforms) = postSolution
		{C7AAC734-F719-46F7-9102-2BAD80BB75EB}.Debug|Any CPU.ActiveCfg = Debug|Any CPU
		{C7AAC734-F719-46F7-9102-2BAD80BB75EB}.Debug|Any CPU.Build.0 = Debug|Any CPU
		{C7AAC734-F719-46F7-9102-2BAD80BB75EB}.Release|Any CPU.ActiveCfg = Release|Any CPU
		{C7AAC734-F719-46F7-9102-2BAD80BB75EB}.Release|Any CPU.Build.0 = Release|Any CPU
		{E3C56115-FA00-4FEA-B9D3-F5375655B8C6}.Debug|Any CPU.ActiveCfg = Debug|Any CPU
		{E3C56115-FA00-4FEA-B9D3-F5375655B8C6}.Debug|Any CPU.Build.0 = Debug|Any CPU
		{E3C56115-FA00-4FEA-B9D3-F5375655B8C6}.Release|Any CPU.ActiveCfg = Release|Any CPU
		{E3C56115-FA00-4FEA-B9D3-F5375655B8C6}.Release|Any CPU.Build.0 = Release|Any CPU
		{DFBFE65E-5A98-45DB-848D-544516A25DF0}.Debug|Any CPU.ActiveCfg = Debug|Any CPU
		{DFBFE65E-5A98-45DB-848D-544516A25DF0}.Debug|Any CPU.Build.0 = Debug|Any CPU
		{DFBFE65E-5A98-45DB-848D-544516A25DF0}.Release|Any CPU.ActiveCfg = Release|Any CPU
		{DFBFE65E-5A98-45DB-848D-544516A25DF0}.Release|Any CPU.Build.0 = Release|Any CPU
		{E949D942-8883-416F-8731-E4DAC6987312}.Debug|Any CPU.ActiveCfg = Debug|Any CPU
		{E949D942-8883-416F-8731-E4DAC6987312}.Debug|Any CPU.Build.0 = Debug|Any CPU
		{E949D942-8883-416F-8731-E4DAC6987312}.Release|Any CPU.ActiveCfg = Release|Any CPU
		{E949D942-8883-416F-8731-E4DAC6987312}.Release|Any CPU.Build.0 = Release|Any CPU
	EndGlobalSection
	GlobalSection(SolutionProperties) = preSolution
		HideSolutionNode = FALSE
	EndGlobalSection
	GlobalSection(ExtensibilityGlobals) = postSolution
		SolutionGuid = {5CF781DD-4655-4E2E-BB61-604B46B3DC8C}
	EndGlobalSection
EndGlobal
